// !$*UTF8*$!
{
	archiveVersion = 1;
	classes = {
	};
	objectVersion = 50;
	objects = {

/* Begin PBXBuildFile section */
		796F5F06212C4F9600E33553 /* AppDelegate.swift in Sources */ = {isa = PBXBuildFile; fileRef = 796F5F05212C4F9600E33553 /* AppDelegate.swift */; };
		796F5F08212C4F9600E33553 /* ViewController.swift in Sources */ = {isa = PBXBuildFile; fileRef = 796F5F07212C4F9600E33553 /* ViewController.swift */; };
		796F5F0B212C4F9600E33553 /* Main.storyboard in Resources */ = {isa = PBXBuildFile; fileRef = 796F5F09212C4F9600E33553 /* Main.storyboard */; };
		796F5F0D212C4F9800E33553 /* Assets.xcassets in Resources */ = {isa = PBXBuildFile; fileRef = 796F5F0C212C4F9800E33553 /* Assets.xcassets */; };
		796F5F10212C4F9800E33553 /* LaunchScreen.storyboard in Resources */ = {isa = PBXBuildFile; fileRef = 796F5F0E212C4F9800E33553 /* LaunchScreen.storyboard */; };
		796F5F40212C536F00E33553 /* BitCoinTradingClient_iOS.framework in Frameworks */ = {isa = PBXBuildFile; fileRef = 796F5F3F212C536F00E33553 /* BitCoinTradingClient_iOS.framework */; };
/* End PBXBuildFile section */

/* Begin PBXFileReference section */
		796F5F02212C4F9600E33553 /* BitCoinTradingClientTest.app */ = {isa = PBXFileReference; explicitFileType = wrapper.application; includeInIndex = 0; path = BitCoinTradingClientTest.app; sourceTree = BUILT_PRODUCTS_DIR; };
		796F5F05212C4F9600E33553 /* AppDelegate.swift */ = {isa = PBXFileReference; lastKnownFileType = sourcecode.swift; path = AppDelegate.swift; sourceTree = "<group>"; };
		796F5F07212C4F9600E33553 /* ViewController.swift */ = {isa = PBXFileReference; lastKnownFileType = sourcecode.swift; path = ViewController.swift; sourceTree = "<group>"; };
		796F5F0A212C4F9600E33553 /* Base */ = {isa = PBXFileReference; lastKnownFileType = file.storyboard; name = Base; path = Base.lproj/Main.storyboard; sourceTree = "<group>"; };
		796F5F0C212C4F9800E33553 /* Assets.xcassets */ = {isa = PBXFileReference; lastKnownFileType = folder.assetcatalog; path = Assets.xcassets; sourceTree = "<group>"; };
		796F5F0F212C4F9800E33553 /* Base */ = {isa = PBXFileReference; lastKnownFileType = file.storyboard; name = Base; path = Base.lproj/LaunchScreen.storyboard; sourceTree = "<group>"; };
		796F5F11212C4F9800E33553 /* Info.plist */ = {isa = PBXFileReference; lastKnownFileType = text.plist.xml; path = Info.plist; sourceTree = "<group>"; };
		796F5F1E212C4FBB00E33553 /* BitCoinTradingClient.framework */ = {isa = PBXFileReference; explicitFileType = wrapper.framework; path = BitCoinTradingClient.framework; sourceTree = BUILT_PRODUCTS_DIR; };
		796F5F3F212C536F00E33553 /* BitCoinTradingClient_iOS.framework */ = {isa = PBXFileReference; explicitFileType = wrapper.framework; path = BitCoinTradingClient_iOS.framework; sourceTree = BUILT_PRODUCTS_DIR; };
/* End PBXFileReference section */

/* Begin PBXFrameworksBuildPhase section */
		796F5EFF212C4F9600E33553 /* Frameworks */ = {
			isa = PBXFrameworksBuildPhase;
			buildActionMask = 2147483647;
			files = (
				796F5F40212C536F00E33553 /* BitCoinTradingClient_iOS.framework in Frameworks */,
			);
			runOnlyForDeploymentPostprocessing = 0;
		};
/* End PBXFrameworksBuildPhase section */

/* Begin PBXGroup section */
		796F5EF9212C4F9600E33553 = {
			isa = PBXGroup;
			children = (
				796F5F04212C4F9600E33553 /* BitCoinTradingClientTest */,
				796F5F03212C4F9600E33553 /* Products */,
				796F5F1D212C4FBB00E33553 /* Frameworks */,
			);
			sourceTree = "<group>";
		};
		796F5F03212C4F9600E33553 /* Products */ = {
			isa = PBXGroup;
			children = (
				796F5F02212C4F9600E33553 /* BitCoinTradingClientTest.app */,
			);
			name = Products;
			sourceTree = "<group>";
		};
		796F5F04212C4F9600E33553 /* BitCoinTradingClientTest */ = {
			isa = PBXGroup;
			children = (
				796F5F05212C4F9600E33553 /* AppDelegate.swift */,
				796F5F07212C4F9600E33553 /* ViewController.swift */,
				796F5F09212C4F9600E33553 /* Main.storyboard */,
				796F5F0C212C4F9800E33553 /* Assets.xcassets */,
				796F5F0E212C4F9800E33553 /* LaunchScreen.storyboard */,
				796F5F11212C4F9800E33553 /* Info.plist */,
			);
			path = BitCoinTradingClientTest;
			sourceTree = "<group>";
		};
		796F5F1D212C4FBB00E33553 /* Frameworks */ = {
			isa = PBXGroup;
			children = (
				796F5F3F212C536F00E33553 /* BitCoinTradingClient_iOS.framework */,
				796F5F1E212C4FBB00E33553 /* BitCoinTradingClient.framework */,
			);
			name = Frameworks;
			sourceTree = "<group>";
		};
/* End PBXGroup section */

/* Begin PBXNativeTarget section */
		796F5F01212C4F9600E33553 /* BitCoinTradingClientTest */ = {
			isa = PBXNativeTarget;
			buildConfigurationList = 796F5F14212C4F9800E33553 /* Build configuration list for PBXNativeTarget "BitCoinTradingClientTest" */;
			buildPhases = (
				796F5EFE212C4F9600E33553 /* Sources */,
				796F5EFF212C4F9600E33553 /* Frameworks */,
				796F5F00212C4F9600E33553 /* Resources */,
			);
			buildRules = (
			);
			dependencies = (
			);
			name = BitCoinTradingClientTest;
			productName = BitCoinTradingClientTest;
			productReference = 796F5F02212C4F9600E33553 /* BitCoinTradingClientTest.app */;
			productType = "com.apple.product-type.application";
		};
/* End PBXNativeTarget section */

/* Begin PBXProject section */
		796F5EFA212C4F9600E33553 /* Project object */ = {
			isa = PBXProject;
			attributes = {
				LastSwiftUpdateCheck = 0940;
				LastUpgradeCheck = 0940;
				ORGANIZATIONNAME = "Hucent Studio";
				TargetAttributes = {
					796F5F01212C4F9600E33553 = {
						CreatedOnToolsVersion = 9.4.1;
					};
				};
			};
			buildConfigurationList = 796F5EFD212C4F9600E33553 /* Build configuration list for PBXProject "BitCoinTradingClientTest" */;
			compatibilityVersion = "Xcode 9.3";
			developmentRegion = en;
			hasScannedForEncodings = 0;
			knownRegions = (
				en,
				Base,
			);
			mainGroup = 796F5EF9212C4F9600E33553;
			productRefGroup = 796F5F03212C4F9600E33553 /* Products */;
			projectDirPath = "";
			projectRoot = "";
			targets = (
				796F5F01212C4F9600E33553 /* BitCoinTradingClientTest */,
			);
		};
/* End PBXProject section */

/* Begin PBXResourcesBuildPhase section */
		796F5F00212C4F9600E33553 /* Resources */ = {
			isa = PBXResourcesBuildPhase;
			buildActionMask = 2147483647;
			files = (
				796F5F10212C4F9800E33553 /* LaunchScreen.storyboard in Resources */,
				796F5F0D212C4F9800E33553 /* Assets.xcassets in Resources */,
				796F5F0B212C4F9600E33553 /* Main.storyboard in Resources */,
			);
			runOnlyForDeploymentPostprocessing = 0;
		};
/* End PBXResourcesBuildPhase section */

/* Begin PBXSourcesBuildPhase section */
		796F5EFE212C4F9600E33553 /* Sources */ = {
			isa = PBXSourcesBuildPhase;
			buildActionMask = 2147483647;
			files = (
				796F5F08212C4F9600E33553 /* ViewController.swift in Sources */,
				796F5F06212C4F9600E33553 /* AppDelegate.swift in Sources */,
			);
			runOnlyForDeploymentPostprocessing = 0;
		};
/* End PBXSourcesBuildPhase section */

/* Begin PBXVariantGroup section */
		796F5F09212C4F9600E33553 /* Main.storyboard */ = {
			isa = PBXVariantGroup;
			children = (
				796F5F0A212C4F9600E33553 /* Base */,
			);
			name = Main.storyboard;
			sourceTree = "<group>";
		};
		796F5F0E212C4F9800E33553 /* LaunchScreen.storyboard */ = {
			isa = PBXVariantGroup;
			children = (
				796F5F0F212C4F9800E33553 /* Base */,
			);
			name = LaunchScreen.storyboard;
			sourceTree = "<group>";
		};
/* End PBXVariantGroup section */

/* Begin XCBuildConfiguration section */
		796F5F12212C4F9800E33553 /* Debug */ = {
			isa = XCBuildConfiguration;
			buildSettings = {
				ALWAYS_SEARCH_USER_PATHS = NO;
				CLANG_ANALYZER_NONNULL = YES;
				CLANG_ANALYZER_NUMBER_OBJECT_CONVERSION = YES_AGGRESSIVE;
				CLANG_CXX_LANGUAGE_STANDARD = "gnu++14";
				CLANG_CXX_LIBRARY = "libc++";
				CLANG_ENABLE_MODULES = YES;
				CLANG_ENABLE_OBJC_ARC = YES;
				CLANG_ENABLE_OBJC_WEAK = YES;
				CLANG_WARN_BLOCK_CAPTURE_AUTORELEASING = YES;
				CLANG_WARN_BOOL_CONVERSION = YES;
				CLANG_WARN_COMMA = YES;
				CLANG_WARN_CONSTANT_CONVERSION = YES;
				CLANG_WARN_DEPRECATED_OBJC_IMPLEMENTATIONS = YES;
				CLANG_WARN_DIRECT_OBJC_ISA_USAGE = YES_ERROR;
				CLANG_WARN_DOCUMENTATION_COMMENTS = YES;
				CLANG_WARN_EMPTY_BODY = YES;
				CLANG_WARN_ENUM_CONVERSION = YES;
				CLANG_WARN_INFINITE_RECURSION = YES;
				CLANG_WARN_INT_CONVERSION = YES;
				CLANG_WARN_NON_LITERAL_NULL_CONVERSION = YES;
				CLANG_WARN_OBJC_IMPLICIT_RETAIN_SELF = YES;
				CLANG_WARN_OBJC_LITERAL_CONVERSION = YES;
				CLANG_WARN_OBJC_ROOT_CLASS = YES_ERROR;
				CLANG_WARN_RANGE_LOOP_ANALYSIS = YES;
				CLANG_WARN_STRICT_PROTOTYPES = YES;
				CLANG_WARN_SUSPICIOUS_MOVE = YES;
				CLANG_WARN_UNGUARDED_AVAILABILITY = YES_AGGRESSIVE;
				CLANG_WARN_UNREACHABLE_CODE = YES;
				CLANG_WARN__DUPLICATE_METHOD_MATCH = YES;
				CODE_SIGN_IDENTITY = "iPhone Developer";
				COPY_PHASE_STRIP = NO;
				DEBUG_INFORMATION_FORMAT = dwarf;
				ENABLE_STRICT_OBJC_MSGSEND = YES;
				ENABLE_TESTABILITY = YES;
				GCC_C_LANGUAGE_STANDARD = gnu11;
				GCC_DYNAMIC_NO_PIC = NO;
				GCC_NO_COMMON_BLOCKS = YES;
				GCC_OPTIMIZATION_LEVEL = 0;
				GCC_PREPROCESSOR_DEFINITIONS = (
					"DEBUG=1",
					"$(inherited)",
				);
				GCC_WARN_64_TO_32_BIT_CONVERSION = YES;
				GCC_WARN_ABOUT_RETURN_TYPE = YES_ERROR;
				GCC_WARN_UNDECLARED_SELECTOR = YES;
				GCC_WARN_UNINITIALIZED_AUTOS = YES_AGGRESSIVE;
				GCC_WARN_UNUSED_FUNCTION = YES;
				GCC_WARN_UNUSED_VARIABLE = YES;
				IPHONEOS_DEPLOYMENT_TARGET = 11.4;
				MTL_ENABLE_DEBUG_INFO = YES;
				ONLY_ACTIVE_ARCH = YES;
				SDKROOT = iphoneos;
				SWIFT_ACTIVE_COMPILATION_CONDITIONS = DEBUG;
				SWIFT_OPTIMIZATION_LEVEL = "-Onone";
			};
			name = Debug;
		};
		796F5F13212C4F9800E33553 /* Release */ = {
			isa = XCBuildConfiguration;
			buildSettings = {
				ALWAYS_SEARCH_USER_PATHS = NO;
				CLANG_ANALYZER_NONNULL = YES;
				CLANG_ANALYZER_NUMBER_OBJECT_CONVERSION = YES_AGGRESSIVE;
				CLANG_CXX_LANGUAGE_STANDARD = "gnu++14";
				CLANG_CXX_LIBRARY = "libc++";
				CLANG_ENABLE_MODULES = YES;
				CLANG_ENABLE_OBJC_ARC = YES;
				CLANG_ENABLE_OBJC_WEAK = YES;
				CLANG_WARN_BLOCK_CAPTURE_AUTORELEASING = YES;
				CLANG_WARN_BOOL_CONVERSION = YES;
				CLANG_WARN_COMMA = YES;
				CLANG_WARN_CONSTANT_CONVERSION = YES;
				CLANG_WARN_DEPRECATED_OBJC_IMPLEMENTATIONS = YES;
				CLANG_WARN_DIRECT_OBJC_ISA_USAGE = YES_ERROR;
				CLANG_WARN_DOCUMENTATION_COMMENTS = YES;
				CLANG_WARN_EMPTY_BODY = YES;
				CLANG_WARN_ENUM_CONVERSION = YES;
				CLANG_WARN_INFINITE_RECURSION = YES;
				CLANG_WARN_INT_CONVERSION = YES;
				CLANG_WARN_NON_LITERAL_NULL_CONVERSION = YES;
				CLANG_WARN_OBJC_IMPLICIT_RETAIN_SELF = YES;
				CLANG_WARN_OBJC_LITERAL_CONVERSION = YES;
				CLANG_WARN_OBJC_ROOT_CLASS = YES_ERROR;
				CLANG_WARN_RANGE_LOOP_ANALYSIS = YES;
				CLANG_WARN_STRICT_PROTOTYPES = YES;
				CLANG_WARN_SUSPICIOUS_MOVE = YES;
				CLANG_WARN_UNGUARDED_AVAILABILITY = YES_AGGRESSIVE;
				CLANG_WARN_UNREACHABLE_CODE = YES;
				CLANG_WARN__DUPLICATE_METHOD_MATCH = YES;
				CODE_SIGN_IDENTITY = "iPhone Developer";
				COPY_PHASE_STRIP = NO;
				DEBUG_INFORMATION_FORMAT = "dwarf-with-dsym";
				ENABLE_NS_ASSERTIONS = NO;
				ENABLE_STRICT_OBJC_MSGSEND = YES;
				GCC_C_LANGUAGE_STANDARD = gnu11;
				GCC_NO_COMMON_BLOCKS = YES;
				GCC_WARN_64_TO_32_BIT_CONVERSION = YES;
				GCC_WARN_ABOUT_RETURN_TYPE = YES_ERROR;
				GCC_WARN_UNDECLARED_SELECTOR = YES;
				GCC_WARN_UNINITIALIZED_AUTOS = YES_AGGRESSIVE;
				GCC_WARN_UNUSED_FUNCTION = YES;
				GCC_WARN_UNUSED_VARIABLE = YES;
				IPHONEOS_DEPLOYMENT_TARGET = 11.4;
				MTL_ENABLE_DEBUG_INFO = NO;
				SDKROOT = iphoneos;
				SWIFT_COMPILATION_MODE = wholemodule;
				SWIFT_OPTIMIZATION_LEVEL = "-O";
				VALIDATE_PRODUCT = YES;
			};
			name = Release;
		};
		796F5F15212C4F9800E33553 /* Debug */ = {
			isa = XCBuildConfiguration;
			buildSettings = {
				ASSETCATALOG_COMPILER_APPICON_NAME = AppIcon;
				CODE_SIGN_STYLE = Automatic;
				DEVELOPMENT_TEAM = 8KSY36Z9KP;
				INFOPLIST_FILE = BitCoinTradingClientTest/Info.plist;
				LD_RUNPATH_SEARCH_PATHS = (
					"$(inherited)",
					"@executable_path/Frameworks",
				);
				PRODUCT_BUNDLE_IDENTIFIER = studio.hucent.BitCoinTradingClientTest;
				PRODUCT_NAME = "$(TARGET_NAME)";
				SWIFT_VERSION = 4.0;
				TARGETED_DEVICE_FAMILY = "1,2";
			};
			name = Debug;
		};
		796F5F16212C4F9800E33553 /* Release */ = {
			isa = XCBuildConfiguration;
			buildSettings = {
				ASSETCATALOG_COMPILER_APPICON_NAME = AppIcon;
				CODE_SIGN_STYLE = Automatic;
				DEVELOPMENT_TEAM = 8KSY36Z9KP;
				INFOPLIST_FILE = BitCoinTradingClientTest/Info.plist;
				LD_RUNPATH_SEARCH_PATHS = (
					"$(inherited)",
					"@executable_path/Frameworks",
				);
				PRODUCT_BUNDLE_IDENTIFIER = studio.hucent.BitCoinTradingClientTest;
				PRODUCT_NAME = "$(TARGET_NAME)";
				SWIFT_VERSION = 4.0;
				TARGETED_DEVICE_FAMILY = "1,2";
			};
			name = Release;
		};
/* End XCBuildConfiguration section */

/* Begin XCConfigurationList section */
		796F5EFD212C4F9600E33553 /* Build configuration list for PBXProject "BitCoinTradingClientTest" */ = {
			isa = XCConfigurationList;
			buildConfigurations = (
				796F5F12212C4F9800E33553 /* Debug */,
				796F5F13212C4F9800E33553 /* Release */,
			);
			defaultConfigurationIsVisible = 0;
			defaultConfigurationName = Release;
		};
		796F5F14212C4F9800E33553 /* Build configuration list for PBXNativeTarget "BitCoinTradingClientTest" */ = {
			isa = XCConfigurationList;
			buildConfigurations = (
				796F5F15212C4F9800E33553 /* Debug */,
				796F5F16212C4F9800E33553 /* Release */,
			);
			defaultConfigurationIsVisible = 0;
			defaultConfigurationName = Release;
		};
/* End XCConfigurationList section */
	};
	rootObject = 796F5EFA212C4F9600E33553 /* Project object */;
}
